Microsoft Visual Studio Solution File, Format Version 12.00
# Visual Studio Version 16
VisualStudioVersion = 16.0.30717.126
MinimumVisualStudioVersion = 10.0.40219.1
Project("{2150E333-8FDC-42A3-9474-1A3956D46DE8}") = "libs", "libs", "{6E5BF389-3D3F-4D74-9DD0-3B199CB529C5}"
	ProjectSection(SolutionItems) = preProject
		src\libs\Directory.Build.props = src\libs\Directory.Build.props
	EndProjectSection
EndProject
Project("{2150E333-8FDC-42A3-9474-1A3956D46DE8}") = "tests", "tests", "{9CAA231D-7BE1-46C9-ACD6-EB2E569CEBEA}"
	ProjectSection(SolutionItems) = preProject
		src\tests\Directory.Build.props = src\tests\Directory.Build.props
	EndProjectSection
EndProject
Project("{2150E333-8FDC-42A3-9474-1A3956D46DE8}") = "Solution Items", "Solution Items", "{94FE90BF-FA05-46C6-A207-6E454A236659}"
	ProjectSection(SolutionItems) = preProject
		.gitignore = .gitignore
		src\Directory.Build.props = src\Directory.Build.props
		.github\workflows\dotnet.yml = .github\workflows\dotnet.yml
		LICENSE = LICENSE
		README.md = README.md
	EndProjectSection
EndProject
Project("{9A19103F-16F7-4668-BE54-9A1E7A4F7556}") = "H.Recorders.NAudioRecorder", "src\libs\H.Recorders.NAudioRecorder\H.Recorders.NAudioRecorder.csproj", "{017BD306-8214-4F6B-B8C5-0A5F35CE1825}"
EndProject
Project("{9A19103F-16F7-4668-BE54-9A1E7A4F7556}") = "H.Recorders.WinmmRecorder", "src\libs\H.Recorders.WinmmRecorder\H.Recorders.WinmmRecorder.csproj", "{892743EC-0FE2-4C3F-9251-98C3A2B1DE23}"
EndProject
Project("{9A19103F-16F7-4668-BE54-9A1E7A4F7556}") = "H.Recorders.NAudioRecorder.IntegrationTests", "src\tests\H.Recorders.NAudioRecorder.IntegrationTests\H.Recorders.NAudioRecorder.IntegrationTests.csproj", "{D4096A98-F061-4EE7-A2C6-1955B5685AE1}"
EndProject
Global
	GlobalSection(SolutionConfigurationPlatforms) = preSolution
		Debug|Any CPU = Debug|Any CPU
		Release|Any CPU = Release|Any CPU
	EndGlobalSection
	GlobalSection(ProjectConfigurationPlatforms) = postSolution
		{017BD306-8214-4F6B-B8C5-0A5F35CE1825}.Debug|Any CPU.ActiveCfg = Debug|Any CPU
		{017BD306-8214-4F6B-B8C5-0A5F35CE1825}.Debug|Any CPU.Build.0 = Debug|Any CPU
		{017BD306-8214-4F6B-B8C5-0A5F35CE1825}.Release|Any CPU.ActiveCfg = Release|Any CPU
		{017BD306-8214-4F6B-B8C5-0A5F35CE1825}.Release|Any CPU.Build.0 = Release|Any CPU
		{892743EC-0FE2-4C3F-9251-98C3A2B1DE23}.Debug|Any CPU.ActiveCfg = Debug|Any CPU
		{892743EC-0FE2-4C3F-9251-98C3A2B1DE23}.Debug|Any CPU.Build.0 = Debug|Any CPU
		{892743EC-0FE2-4C3F-9251-98C3A2B1DE23}.Release|Any CPU.ActiveCfg = Release|Any CPU
		{892743EC-0FE2-4C3F-9251-98C3A2B1DE23}.Release|Any CPU.Build.0 = Release|Any CPU
		{D4096A98-F061-4EE7-A2C6-1955B5685AE1}.Debug|Any CPU.ActiveCfg = Debug|Any CPU
		{D4096A98-F061-4EE7-A2C6-1955B5685AE1}.Debug|Any CPU.Build.0 = Debug|Any CPU
		{D4096A98-F061-4EE7-A2C6-1955B5685AE1}.Release|Any CPU.ActiveCfg = Release|Any CPU
		{D4096A98-F061-4EE7-A2C6-1955B5685AE1}.Release|Any CPU.Build.0 = Release|Any CPU
	EndGlobalSection
	GlobalSection(SolutionProperties) = preSolution
		HideSolutionNode = FALSE
	EndGlobalSection
	GlobalSection(NestedProjects) = preSolution
		{017BD306-8214-4F6B-B8C5-0A5F35CE1825} = {6E5BF389-3D3F-4D74-9DD0-3B199CB529C5}
		{892743EC-0FE2-4C3F-9251-98C3A2B1DE23} = {6E5BF389-3D3F-4D74-9DD0-3B199CB529C5}
		{D4096A98-F061-4EE7-A2C6-1955B5685AE1} = {9CAA231D-7BE1-46C9-ACD6-EB2E569CEBEA}
	EndGlobalSection
	GlobalSection(ExtensibilityGlobals) = postSolution
		SolutionGuid = {1493AEE4-9211-46E9-BFE6-8F629EAC5693}
	EndGlobalSection
EndGlobal
